// !$*UTF8*$!
{
	archiveVersion = 1;
	classes = {
	};
	objectVersion = 55;
	objects = {

/* Begin PBXBuildFile section */
		CAB123B32857606400CCB373 /* TimerModel.swift in Sources */ = {isa = PBXBuildFile; fileRef = CAB123B22857606400CCB373 /* TimerModel.swift */; };
		E918E502283C04FD005D3210 /* BoiledEggViewController.swift in Sources */ = {isa = PBXBuildFile; fileRef = E918E501283C04FD005D3210 /* BoiledEggViewController.swift */; };
		E93A6CA328436508006BEA8F /* PastaViewController.swift in Sources */ = {isa = PBXBuildFile; fileRef = E93A6CA228436508006BEA8F /* PastaViewController.swift */; };
		E93A6CA52843B986006BEA8F /* WattViewController.swift in Sources */ = {isa = PBXBuildFile; fileRef = E93A6CA42843B986006BEA8F /* WattViewController.swift */; };
		E93A6CA72843BC8A006BEA8F /* PresetViewController.swift in Sources */ = {isa = PBXBuildFile; fileRef = E93A6CA62843BC8A006BEA8F /* PresetViewController.swift */; };
		E93A6CA928467EC7006BEA8F /* TableViewController.swift in Sources */ = {isa = PBXBuildFile; fileRef = E93A6CA828467EC7006BEA8F /* TableViewController.swift */; };
		E97EA12928576A9400AAB75B /* Realm in Frameworks */ = {isa = PBXBuildFile; productRef = E97EA12828576A9400AAB75B /* Realm */; };
		E97EA12B28576A9400AAB75B /* RealmSwift in Frameworks */ = {isa = PBXBuildFile; productRef = E97EA12A28576A9400AAB75B /* RealmSwift */; };
		E99E3787284C972A00B8F96F /* MainTableViewCell.swift in Sources */ = {isa = PBXBuildFile; fileRef = E99E3785284C972A00B8F96F /* MainTableViewCell.swift */; };
		E99E3788284C972A00B8F96F /* MainTableViewCell.xib in Resources */ = {isa = PBXBuildFile; fileRef = E99E3786284C972A00B8F96F /* MainTableViewCell.xib */; };
		E9C9813E2839EA1C00E2CA36 /* AppDelegate.swift in Sources */ = {isa = PBXBuildFile; fileRef = E9C9813D2839EA1C00E2CA36 /* AppDelegate.swift */; };
		E9C981402839EA1C00E2CA36 /* SceneDelegate.swift in Sources */ = {isa = PBXBuildFile; fileRef = E9C9813F2839EA1C00E2CA36 /* SceneDelegate.swift */; };
		E9C981422839EA1C00E2CA36 /* ViewController.swift in Sources */ = {isa = PBXBuildFile; fileRef = E9C981412839EA1C00E2CA36 /* ViewController.swift */; };
		E9C981452839EA1C00E2CA36 /* Main.storyboard in Resources */ = {isa = PBXBuildFile; fileRef = E9C981432839EA1C00E2CA36 /* Main.storyboard */; };
		E9C981472839EA1D00E2CA36 /* Assets.xcassets in Resources */ = {isa = PBXBuildFile; fileRef = E9C981462839EA1D00E2CA36 /* Assets.xcassets */; };
		E9C9814A2839EA1D00E2CA36 /* LaunchScreen.storyboard in Resources */ = {isa = PBXBuildFile; fileRef = E9C981482839EA1D00E2CA36 /* LaunchScreen.storyboard */; };
/* End PBXBuildFile section */

/* Begin PBXFileReference section */
		CAB123B22857606400CCB373 /* TimerModel.swift */ = {isa = PBXFileReference; lastKnownFileType = sourcecode.swift; path = TimerModel.swift; sourceTree = "<group>"; };
		E918E501283C04FD005D3210 /* BoiledEggViewController.swift */ = {isa = PBXFileReference; lastKnownFileType = sourcecode.swift; path = BoiledEggViewController.swift; sourceTree = "<group>"; };
		E93A6CA228436508006BEA8F /* PastaViewController.swift */ = {isa = PBXFileReference; lastKnownFileType = sourcecode.swift; path = PastaViewController.swift; sourceTree = "<group>"; };
		E93A6CA42843B986006BEA8F /* WattViewController.swift */ = {isa = PBXFileReference; lastKnownFileType = sourcecode.swift; path = WattViewController.swift; sourceTree = "<group>"; };
		E93A6CA62843BC8A006BEA8F /* PresetViewController.swift */ = {isa = PBXFileReference; lastKnownFileType = sourcecode.swift; path = PresetViewController.swift; sourceTree = "<group>"; };
		E93A6CA828467EC7006BEA8F /* TableViewController.swift */ = {isa = PBXFileReference; lastKnownFileType = sourcecode.swift; path = TableViewController.swift; sourceTree = "<group>"; };
		E99E3785284C972A00B8F96F /* MainTableViewCell.swift */ = {isa = PBXFileReference; lastKnownFileType = sourcecode.swift; path = MainTableViewCell.swift; sourceTree = "<group>"; };
		E99E3786284C972A00B8F96F /* MainTableViewCell.xib */ = {isa = PBXFileReference; lastKnownFileType = file.xib; path = MainTableViewCell.xib; sourceTree = "<group>"; };
		E9C9813A2839EA1C00E2CA36 /* CookingTimer.app */ = {isa = PBXFileReference; explicitFileType = wrapper.application; includeInIndex = 0; path = CookingTimer.app; sourceTree = BUILT_PRODUCTS_DIR; };
		E9C9813D2839EA1C00E2CA36 /* AppDelegate.swift */ = {isa = PBXFileReference; lastKnownFileType = sourcecode.swift; path = AppDelegate.swift; sourceTree = "<group>"; };
		E9C9813F2839EA1C00E2CA36 /* SceneDelegate.swift */ = {isa = PBXFileReference; lastKnownFileType = sourcecode.swift; path = SceneDelegate.swift; sourceTree = "<group>"; };
		E9C981412839EA1C00E2CA36 /* ViewController.swift */ = {isa = PBXFileReference; lastKnownFileType = sourcecode.swift; path = ViewController.swift; sourceTree = "<group>"; };
		E9C981442839EA1C00E2CA36 /* Base */ = {isa = PBXFileReference; lastKnownFileType = file.storyboard; name = Base; path = Base.lproj/Main.storyboard; sourceTree = "<group>"; };
		E9C981462839EA1D00E2CA36 /* Assets.xcassets */ = {isa = PBXFileReference; lastKnownFileType = folder.assetcatalog; path = Assets.xcassets; sourceTree = "<group>"; };
		E9C981492839EA1D00E2CA36 /* Base */ = {isa = PBXFileReference; lastKnownFileType = file.storyboard; name = Base; path = Base.lproj/LaunchScreen.storyboard; sourceTree = "<group>"; };
		E9C9814B2839EA1D00E2CA36 /* Info.plist */ = {isa = PBXFileReference; lastKnownFileType = text.plist.xml; path = Info.plist; sourceTree = "<group>"; };
/* End PBXFileReference section */

/* Begin PBXFrameworksBuildPhase section */
		E9C981372839EA1C00E2CA36 /* Frameworks */ = {
			isa = PBXFrameworksBuildPhase;
			buildActionMask = 2147483647;
			files = (
				E97EA12B28576A9400AAB75B /* RealmSwift in Frameworks */,
				E97EA12928576A9400AAB75B /* Realm in Frameworks */,
			);
			runOnlyForDeploymentPostprocessing = 0;
		};
/* End PBXFrameworksBuildPhase section */

/* Begin PBXGroup section */
		E9C981312839EA1C00E2CA36 = {
			isa = PBXGroup;
			children = (
				E9C9813C2839EA1C00E2CA36 /* CookingTimer */,
				E9C9813B2839EA1C00E2CA36 /* Products */,
			);
			sourceTree = "<group>";
		};
		E9C9813B2839EA1C00E2CA36 /* Products */ = {
			isa = PBXGroup;
			children = (
				E9C9813A2839EA1C00E2CA36 /* CookingTimer.app */,
			);
			name = Products;
			sourceTree = "<group>";
		};
		E9C9813C2839EA1C00E2CA36 /* CookingTimer */ = {
			isa = PBXGroup;
			children = (
				E9C9813D2839EA1C00E2CA36 /* AppDelegate.swift */,
				E9C9813F2839EA1C00E2CA36 /* SceneDelegate.swift */,
				CAB123B22857606400CCB373 /* TimerModel.swift */,
				E918E501283C04FD005D3210 /* BoiledEggViewController.swift */,
				E93A6CA228436508006BEA8F /* PastaViewController.swift */,
				E93A6CA42843B986006BEA8F /* WattViewController.swift */,
				E93A6CA62843BC8A006BEA8F /* PresetViewController.swift */,
				E99E3785284C972A00B8F96F /* MainTableViewCell.swift */,
				E93A6CA828467EC7006BEA8F /* TableViewController.swift */,
				E9C981432839EA1C00E2CA36 /* Main.storyboard */,
				E99E3786284C972A00B8F96F /* MainTableViewCell.xib */,
				E9C981482839EA1D00E2CA36 /* LaunchScreen.storyboard */,
				E9C981462839EA1D00E2CA36 /* Assets.xcassets */,
				E9C981412839EA1C00E2CA36 /* ViewController.swift */,
				E9C9814B2839EA1D00E2CA36 /* Info.plist */,
			);
			path = CookingTimer;
			sourceTree = "<group>";
		};
/* End PBXGroup section */

/* Begin PBXNativeTarget section */
		E9C981392839EA1C00E2CA36 /* CookingTimer */ = {
			isa = PBXNativeTarget;
			buildConfigurationList = E9C9814E2839EA1D00E2CA36 /* Build configuration list for PBXNativeTarget "CookingTimer" */;
			buildPhases = (
				E9C981362839EA1C00E2CA36 /* Sources */,
				E9C981372839EA1C00E2CA36 /* Frameworks */,
				E9C981382839EA1C00E2CA36 /* Resources */,
			);
			buildRules = (
			);
			dependencies = (
			);
			name = CookingTimer;
			packageProductDependencies = (
				E97EA12828576A9400AAB75B /* Realm */,
				E97EA12A28576A9400AAB75B /* RealmSwift */,
			);
			productName = CookingTimer;
			productReference = E9C9813A2839EA1C00E2CA36 /* CookingTimer.app */;
			productType = "com.apple.product-type.application";
		};
/* End PBXNativeTarget section */

/* Begin PBXProject section */
		E9C981322839EA1C00E2CA36 /* Project object */ = {
			isa = PBXProject;
			attributes = {
				BuildIndependentTargetsInParallel = 1;
				LastSwiftUpdateCheck = 1340;
				LastUpgradeCheck = 1340;
				TargetAttributes = {
					E9C981392839EA1C00E2CA36 = {
						CreatedOnToolsVersion = 13.4;
					};
				};
			};
			buildConfigurationList = E9C981352839EA1C00E2CA36 /* Build configuration list for PBXProject "CookingTimer" */;
			compatibilityVersion = "Xcode 13.0";
			developmentRegion = en;
			hasScannedForEncodings = 0;
			knownRegions = (
				en,
				Base,
			);
			mainGroup = E9C981312839EA1C00E2CA36;
			packageReferences = (
				E97EA12728576A9400AAB75B /* XCRemoteSwiftPackageReference "realm-swift" */,
			);
			productRefGroup = E9C9813B2839EA1C00E2CA36 /* Products */;
			projectDirPath = "";
			projectRoot = "";
			targets = (
				E9C981392839EA1C00E2CA36 /* CookingTimer */,
			);
		};
/* End PBXProject section */

/* Begin PBXResourcesBuildPhase section */
		E9C981382839EA1C00E2CA36 /* Resources */ = {
			isa = PBXResourcesBuildPhase;
			buildActionMask = 2147483647;
			files = (
				E9C9814A2839EA1D00E2CA36 /* LaunchScreen.storyboard in Resources */,
				E9C981472839EA1D00E2CA36 /* Assets.xcassets in Resources */,
				E99E3788284C972A00B8F96F /* MainTableViewCell.xib in Resources */,
				E9C981452839EA1C00E2CA36 /* Main.storyboard in Resources */,
			);
			runOnlyForDeploymentPostprocessing = 0;
		};
/* End PBXResourcesBuildPhase section */

/* Begin PBXSourcesBuildPhase section */
		E9C981362839EA1C00E2CA36 /* Sources */ = {
			isa = PBXSourcesBuildPhase;
			buildActionMask = 2147483647;
			files = (
				E93A6CA328436508006BEA8F /* PastaViewController.swift in Sources */,
				E99E3787284C972A00B8F96F /* MainTableViewCell.swift in Sources */,
				E9C981422839EA1C00E2CA36 /* ViewController.swift in Sources */,
				CAB123B32857606400CCB373 /* TimerModel.swift in Sources */,
				E93A6CA72843BC8A006BEA8F /* PresetViewController.swift in Sources */,
				E93A6CA928467EC7006BEA8F /* TableViewController.swift in Sources */,
				E918E502283C04FD005D3210 /* BoiledEggViewController.swift in Sources */,
				E9C9813E2839EA1C00E2CA36 /* AppDelegate.swift in Sources */,
				E93A6CA52843B986006BEA8F /* WattViewController.swift in Sources */,
				E9C981402839EA1C00E2CA36 /* SceneDelegate.swift in Sources */,
			);
			runOnlyForDeploymentPostprocessing = 0;
		};
/* End PBXSourcesBuildPhase section */

/* Begin PBXVariantGroup section */
		E9C981432839EA1C00E2CA36 /* Main.storyboard */ = {
			isa = PBXVariantGroup;
			children = (
				E9C981442839EA1C00E2CA36 /* Base */,
			);
			name = Main.storyboard;
			sourceTree = "<group>";
		};
		E9C981482839EA1D00E2CA36 /* LaunchScreen.storyboard */ = {
			isa = PBXVariantGroup;
			children = (
				E9C981492839EA1D00E2CA36 /* Base */,
			);
			name = LaunchScreen.storyboard;
			sourceTree = "<group>";
		};
/* End PBXVariantGroup section */

/* Begin XCBuildConfiguration section */
		E9C9814C2839EA1D00E2CA36 /* Debug */ = {
			isa = XCBuildConfiguration;
			buildSettings = {
				ALWAYS_SEARCH_USER_PATHS = NO;
				CLANG_ANALYZER_NONNULL = YES;
				CLANG_ANALYZER_NUMBER_OBJECT_CONVERSION = YES_AGGRESSIVE;
				CLANG_CXX_LANGUAGE_STANDARD = "gnu++17";
				CLANG_ENABLE_MODULES = YES;
				CLANG_ENABLE_OBJC_ARC = YES;
				CLANG_ENABLE_OBJC_WEAK = YES;
				CLANG_WARN_BLOCK_CAPTURE_AUTORELEASING = YES;
				CLANG_WARN_BOOL_CONVERSION = YES;
				CLANG_WARN_COMMA = YES;
				CLANG_WARN_CONSTANT_CONVERSION = YES;
				CLANG_WARN_DEPRECATED_OBJC_IMPLEMENTATIONS = YES;
				CLANG_WARN_DIRECT_OBJC_ISA_USAGE = YES_ERROR;
				CLANG_WARN_DOCUMENTATION_COMMENTS = YES;
				CLANG_WARN_EMPTY_BODY = YES;
				CLANG_WARN_ENUM_CONVERSION = YES;
				CLANG_WARN_INFINITE_RECURSION = YES;
				CLANG_WARN_INT_CONVERSION = YES;
				CLANG_WARN_NON_LITERAL_NULL_CONVERSION = YES;
				CLANG_WARN_OBJC_IMPLICIT_RETAIN_SELF = YES;
				CLANG_WARN_OBJC_LITERAL_CONVERSION = YES;
				CLANG_WARN_OBJC_ROOT_CLASS = YES_ERROR;
				CLANG_WARN_QUOTED_INCLUDE_IN_FRAMEWORK_HEADER = YES;
				CLANG_WARN_RANGE_LOOP_ANALYSIS = YES;
				CLANG_WARN_STRICT_PROTOTYPES = YES;
				CLANG_WARN_SUSPICIOUS_MOVE = YES;
				CLANG_WARN_UNGUARDED_AVAILABILITY = YES_AGGRESSIVE;
				CLANG_WARN_UNREACHABLE_CODE = YES;
				CLANG_WARN__DUPLICATE_METHOD_MATCH = YES;
				COPY_PHASE_STRIP = NO;
				DEBUG_INFORMATION_FORMAT = dwarf;
				ENABLE_STRICT_OBJC_MSGSEND = YES;
				ENABLE_TESTABILITY = YES;
				GCC_C_LANGUAGE_STANDARD = gnu11;
				GCC_DYNAMIC_NO_PIC = NO;
				GCC_NO_COMMON_BLOCKS = YES;
				GCC_OPTIMIZATION_LEVEL = 0;
				GCC_PREPROCESSOR_DEFINITIONS = (
					"DEBUG=1",
					"$(inherited)",
				);
				GCC_WARN_64_TO_32_BIT_CONVERSION = YES;
				GCC_WARN_ABOUT_RETURN_TYPE = YES_ERROR;
				GCC_WARN_UNDECLARED_SELECTOR = YES;
				GCC_WARN_UNINITIALIZED_AUTOS = YES_AGGRESSIVE;
				GCC_WARN_UNUSED_FUNCTION = YES;
				GCC_WARN_UNUSED_VARIABLE = YES;
				IPHONEOS_DEPLOYMENT_TARGET = 15.5;
				MTL_ENABLE_DEBUG_INFO = INCLUDE_SOURCE;
				MTL_FAST_MATH = YES;
				ONLY_ACTIVE_ARCH = YES;
				SDKROOT = iphoneos;
				SWIFT_ACTIVE_COMPILATION_CONDITIONS = DEBUG;
				SWIFT_OPTIMIZATION_LEVEL = "-Onone";
			};
			name = Debug;
		};
		E9C9814D2839EA1D00E2CA36 /* Release */ = {
			isa = XCBuildConfiguration;
			buildSettings = {
				ALWAYS_SEARCH_USER_PATHS = NO;
				CLANG_ANALYZER_NONNULL = YES;
				CLANG_ANALYZER_NUMBER_OBJECT_CONVERSION = YES_AGGRESSIVE;
				CLANG_CXX_LANGUAGE_STANDARD = "gnu++17";
				CLANG_ENABLE_MODULES = YES;
				CLANG_ENABLE_OBJC_ARC = YES;
				CLANG_ENABLE_OBJC_WEAK = YES;
				CLANG_WARN_BLOCK_CAPTURE_AUTORELEASING = YES;
				CLANG_WARN_BOOL_CONVERSION = YES;
				CLANG_WARN_COMMA = YES;
				CLANG_WARN_CONSTANT_CONVERSION = YES;
				CLANG_WARN_DEPRECATED_OBJC_IMPLEMENTATIONS = YES;
				CLANG_WARN_DIRECT_OBJC_ISA_USAGE = YES_ERROR;
				CLANG_WARN_DOCUMENTATION_COMMENTS = YES;
				CLANG_WARN_EMPTY_BODY = YES;
				CLANG_WARN_ENUM_CONVERSION = YES;
				CLANG_WARN_INFINITE_RECURSION = YES;
				CLANG_WARN_INT_CONVERSION = YES;
				CLANG_WARN_NON_LITERAL_NULL_CONVERSION = YES;
				CLANG_WARN_OBJC_IMPLICIT_RETAIN_SELF = YES;
				CLANG_WARN_OBJC_LITERAL_CONVERSION = YES;
				CLANG_WARN_OBJC_ROOT_CLASS = YES_ERROR;
				CLANG_WARN_QUOTED_INCLUDE_IN_FRAMEWORK_HEADER = YES;
				CLANG_WARN_RANGE_LOOP_ANALYSIS = YES;
				CLANG_WARN_STRICT_PROTOTYPES = YES;
				CLANG_WARN_SUSPICIOUS_MOVE = YES;
				CLANG_WARN_UNGUARDED_AVAILABILITY = YES_AGGRESSIVE;
				CLANG_WARN_UNREACHABLE_CODE = YES;
				CLANG_WARN__DUPLICATE_METHOD_MATCH = YES;
				COPY_PHASE_STRIP = NO;
				DEBUG_INFORMATION_FORMAT = "dwarf-with-dsym";
				ENABLE_NS_ASSERTIONS = NO;
				ENABLE_STRICT_OBJC_MSGSEND = YES;
				GCC_C_LANGUAGE_STANDARD = gnu11;
				GCC_NO_COMMON_BLOCKS = YES;
				GCC_WARN_64_TO_32_BIT_CONVERSION = YES;
				GCC_WARN_ABOUT_RETURN_TYPE = YES_ERROR;
				GCC_WARN_UNDECLARED_SELECTOR = YES;
				GCC_WARN_UNINITIALIZED_AUTOS = YES_AGGRESSIVE;
				GCC_WARN_UNUSED_FUNCTION = YES;
				GCC_WARN_UNUSED_VARIABLE = YES;
				IPHONEOS_DEPLOYMENT_TARGET = 15.5;
				MTL_ENABLE_DEBUG_INFO = NO;
				MTL_FAST_MATH = YES;
				SDKROOT = iphoneos;
				SWIFT_COMPILATION_MODE = wholemodule;
				SWIFT_OPTIMIZATION_LEVEL = "-O";
				VALIDATE_PRODUCT = YES;
			};
			name = Release;
		};
		E9C9814F2839EA1D00E2CA36 /* Debug */ = {
			isa = XCBuildConfiguration;
			buildSettings = {
				ASSETCATALOG_COMPILER_APPICON_NAME = AppIcon;
				ASSETCATALOG_COMPILER_GLOBAL_ACCENT_COLOR_NAME = AccentColor;
				CODE_SIGN_STYLE = Automatic;
				CURRENT_PROJECT_VERSION = 1;
				DEVELOPMENT_TEAM = 7844TJH9QW;
				GENERATE_INFOPLIST_FILE = YES;
				INFOPLIST_FILE = CookingTimer/Info.plist;
				INFOPLIST_KEY_UIApplicationSupportsIndirectInputEvents = YES;
				INFOPLIST_KEY_UILaunchStoryboardName = LaunchScreen;
				INFOPLIST_KEY_UIMainStoryboardFile = Main;
				INFOPLIST_KEY_UISupportedInterfaceOrientations_iPad = "UIInterfaceOrientationPortrait UIInterfaceOrientationPortraitUpsideDown UIInterfaceOrientationLandscapeLeft UIInterfaceOrientationLandscapeRight";
				INFOPLIST_KEY_UISupportedInterfaceOrientations_iPhone = "UIInterfaceOrientationPortrait UIInterfaceOrientationLandscapeLeft UIInterfaceOrientationLandscapeRight";
				LD_RUNPATH_SEARCH_PATHS = (
					"$(inherited)",
					"@executable_path/Frameworks",
				);
				MARKETING_VERSION = 1.0;
				PRODUCT_BUNDLE_IDENTIFIER = CookingTimer;
				PRODUCT_NAME = "$(TARGET_NAME)";
				SWIFT_EMIT_LOC_STRINGS = YES;
				SWIFT_VERSION = 5.0;
				TARGETED_DEVICE_FAMILY = "1,2";
			};
			name = Debug;
		};
		E9C981502839EA1D00E2CA36 /* Release */ = {
			isa = XCBuildConfiguration;
			buildSettings = {
				ASSETCATALOG_COMPILER_APPICON_NAME = AppIcon;
				ASSETCATALOG_COMPILER_GLOBAL_ACCENT_COLOR_NAME = AccentColor;
				CODE_SIGN_STYLE = Automatic;
				CURRENT_PROJECT_VERSION = 1;
				DEVELOPMENT_TEAM = 7844TJH9QW;
				GENERATE_INFOPLIST_FILE = YES;
				INFOPLIST_FILE = CookingTimer/Info.plist;
				INFOPLIST_KEY_UIApplicationSupportsIndirectInputEvents = YES;
				INFOPLIST_KEY_UILaunchStoryboardName = LaunchScreen;
				INFOPLIST_KEY_UIMainStoryboardFile = Main;
				INFOPLIST_KEY_UISupportedInterfaceOrientations_iPad = "UIInterfaceOrientationPortrait UIInterfaceOrientationPortraitUpsideDown UIInterfaceOrientationLandscapeLeft UIInterfaceOrientationLandscapeRight";
				INFOPLIST_KEY_UISupportedInterfaceOrientations_iPhone = "UIInterfaceOrientationPortrait UIInterfaceOrientationLandscapeLeft UIInterfaceOrientationLandscapeRight";
				LD_RUNPATH_SEARCH_PATHS = (
					"$(inherited)",
					"@executable_path/Frameworks",
				);
				MARKETING_VERSION = 1.0;
				PRODUCT_BUNDLE_IDENTIFIER = CookingTimer;
				PRODUCT_NAME = "$(TARGET_NAME)";
				SWIFT_EMIT_LOC_STRINGS = YES;
				SWIFT_VERSION = 5.0;
				TARGETED_DEVICE_FAMILY = "1,2";
			};
			name = Release;
		};
/* End XCBuildConfiguration section */

/* Begin XCConfigurationList section */
		E9C981352839EA1C00E2CA36 /* Build configuration list for PBXProject "CookingTimer" */ = {
			isa = XCConfigurationList;
			buildConfigurations = (
				E9C9814C2839EA1D00E2CA36 /* Debug */,
				E9C9814D2839EA1D00E2CA36 /* Release */,
			);
			defaultConfigurationIsVisible = 0;
			defaultConfigurationName = Release;
		};
		E9C9814E2839EA1D00E2CA36 /* Build configuration list for PBXNativeTarget "CookingTimer" */ = {
			isa = XCConfigurationList;
			buildConfigurations = (
				E9C9814F2839EA1D00E2CA36 /* Debug */,
				E9C981502839EA1D00E2CA36 /* Release */,
			);
			defaultConfigurationIsVisible = 0;
			defaultConfigurationName = Release;
		};
/* End XCConfigurationList section */

/* Begin XCRemoteSwiftPackageReference section */
		E97EA12728576A9400AAB75B /* XCRemoteSwiftPackageReference "realm-swift" */ = {
			isa = XCRemoteSwiftPackageReference;
			repositoryURL = "https://github.com/realm/realm-swift";
			requirement = {
				branch = master;
				kind = branch;
			};
		};
/* End XCRemoteSwiftPackageReference section */

/* Begin XCSwiftPackageProductDependency section */
		E97EA12828576A9400AAB75B /* Realm */ = {
			isa = XCSwiftPackageProductDependency;
			package = E97EA12728576A9400AAB75B /* XCRemoteSwiftPackageReference "realm-swift" */;
			productName = Realm;
		};
		E97EA12A28576A9400AAB75B /* RealmSwift */ = {
			isa = XCSwiftPackageProductDependency;
			package = E97EA12728576A9400AAB75B /* XCRemoteSwiftPackageReference "realm-swift" */;
			productName = RealmSwift;
		};
/* End XCSwiftPackageProductDependency section */
	};
	rootObject = E9C981322839EA1C00E2CA36 /* Project object */;
}
